// !$*UTF8*$!
{
	archiveVersion = 1;
	classes = {
	};
	objectVersion = 50;
	objects = {

/* Begin PBXBuildFile section */
		82A526E9245F3E2200175F42 /* AppDelegate.swift in Sources */ = {isa = PBXBuildFile; fileRef = 82A526E8245F3E2200175F42 /* AppDelegate.swift */; };
		82A526EB245F3E2200175F42 /* SceneDelegate.swift in Sources */ = {isa = PBXBuildFile; fileRef = 82A526EA245F3E2200175F42 /* SceneDelegate.swift */; };
		82A526ED245F3E2200175F42 /* ViewController.swift in Sources */ = {isa = PBXBuildFile; fileRef = 82A526EC245F3E2200175F42 /* ViewController.swift */; };
		82A526F0245F3E2200175F42 /* Main.storyboard in Resources */ = {isa = PBXBuildFile; fileRef = 82A526EE245F3E2200175F42 /* Main.storyboard */; };
		82A526F2245F3E2400175F42 /* Assets.xcassets in Resources */ = {isa = PBXBuildFile; fileRef = 82A526F1245F3E2400175F42 /* Assets.xcassets */; };
		82A526F5245F3E2400175F42 /* LaunchScreen.storyboard in Resources */ = {isa = PBXBuildFile; fileRef = 82A526F3245F3E2400175F42 /* LaunchScreen.storyboard */; };
		82A526FD245F3F1200175F42 /* SettingViewController.swift in Sources */ = {isa = PBXBuildFile; fileRef = 82A526FC245F3F1200175F42 /* SettingViewController.swift */; };
		82A526FF245F40CB00175F42 /* QuizViewController.swift in Sources */ = {isa = PBXBuildFile; fileRef = 82A526FE245F40CB00175F42 /* QuizViewController.swift */; };
		82A52703245F47F300175F42 /* button.png in Resources */ = {isa = PBXBuildFile; fileRef = 82A52700245F47F100175F42 /* button.png */; };
		82A52704245F47F300175F42 /* shapes-and-symbols-2.png in Resources */ = {isa = PBXBuildFile; fileRef = 82A52701245F47F200175F42 /* shapes-and-symbols-2.png */; };
		82A52705245F47F300175F42 /* shapes-and-symbols.png in Resources */ = {isa = PBXBuildFile; fileRef = 82A52702245F47F300175F42 /* shapes-and-symbols.png */; };
		82A52707245F4C8800175F42 /* ResultViewController.swift in Sources */ = {isa = PBXBuildFile; fileRef = 82A52706245F4C8800175F42 /* ResultViewController.swift */; };
		82A52711245F5ADE00175F42 /* 3.png in Resources */ = {isa = PBXBuildFile; fileRef = 82A5270E245F5ADE00175F42 /* 3.png */; };
		82A52712245F5ADE00175F42 /* 2.png in Resources */ = {isa = PBXBuildFile; fileRef = 82A5270F245F5ADE00175F42 /* 2.png */; };
		82A52713245F5ADE00175F42 /* 1.png in Resources */ = {isa = PBXBuildFile; fileRef = 82A52710245F5ADE00175F42 /* 1.png */; };
/* End PBXBuildFile section */

/* Begin PBXFileReference section */
		82A526E5245F3E2200175F42 /* Swift_Project.app */ = {isa = PBXFileReference; explicitFileType = wrapper.application; includeInIndex = 0; path = Swift_Project.app; sourceTree = BUILT_PRODUCTS_DIR; };
		82A526E8245F3E2200175F42 /* AppDelegate.swift */ = {isa = PBXFileReference; lastKnownFileType = sourcecode.swift; path = AppDelegate.swift; sourceTree = "<group>"; };
		82A526EA245F3E2200175F42 /* SceneDelegate.swift */ = {isa = PBXFileReference; lastKnownFileType = sourcecode.swift; path = SceneDelegate.swift; sourceTree = "<group>"; };
		82A526EC245F3E2200175F42 /* ViewController.swift */ = {isa = PBXFileReference; lastKnownFileType = sourcecode.swift; path = ViewController.swift; sourceTree = "<group>"; };
		82A526EF245F3E2200175F42 /* Base */ = {isa = PBXFileReference; lastKnownFileType = file.storyboard; name = Base; path = Base.lproj/Main.storyboard; sourceTree = "<group>"; };
		82A526F1245F3E2400175F42 /* Assets.xcassets */ = {isa = PBXFileReference; lastKnownFileType = folder.assetcatalog; path = Assets.xcassets; sourceTree = "<group>"; };
		82A526F4245F3E2400175F42 /* Base */ = {isa = PBXFileReference; lastKnownFileType = file.storyboard; name = Base; path = Base.lproj/LaunchScreen.storyboard; sourceTree = "<group>"; };
		82A526F6245F3E2400175F42 /* Info.plist */ = {isa = PBXFileReference; lastKnownFileType = text.plist.xml; path = Info.plist; sourceTree = "<group>"; };
		82A526FC245F3F1200175F42 /* SettingViewController.swift */ = {isa = PBXFileReference; lastKnownFileType = sourcecode.swift; path = SettingViewController.swift; sourceTree = "<group>"; };
		82A526FE245F40CB00175F42 /* QuizViewController.swift */ = {isa = PBXFileReference; lastKnownFileType = sourcecode.swift; path = QuizViewController.swift; sourceTree = "<group>"; };
		82A52700245F47F100175F42 /* button.png */ = {isa = PBXFileReference; lastKnownFileType = image.png; path = button.png; sourceTree = "<group>"; };
		82A52701245F47F200175F42 /* shapes-and-symbols-2.png */ = {isa = PBXFileReference; lastKnownFileType = image.png; path = "shapes-and-symbols-2.png"; sourceTree = "<group>"; };
		82A52702245F47F300175F42 /* shapes-and-symbols.png */ = {isa = PBXFileReference; lastKnownFileType = image.png; path = "shapes-and-symbols.png"; sourceTree = "<group>"; };
		82A52706245F4C8800175F42 /* ResultViewController.swift */ = {isa = PBXFileReference; lastKnownFileType = sourcecode.swift; path = ResultViewController.swift; sourceTree = "<group>"; };
		82A5270E245F5ADE00175F42 /* 3.png */ = {isa = PBXFileReference; lastKnownFileType = image.png; path = 3.png; sourceTree = "<group>"; };
		82A5270F245F5ADE00175F42 /* 2.png */ = {isa = PBXFileReference; lastKnownFileType = image.png; path = 2.png; sourceTree = "<group>"; };
		82A52710245F5ADE00175F42 /* 1.png */ = {isa = PBXFileReference; lastKnownFileType = image.png; path = 1.png; sourceTree = "<group>"; };
/* End PBXFileReference section */

/* Begin PBXFrameworksBuildPhase section */
		82A526E2245F3E2200175F42 /* Frameworks */ = {
			isa = PBXFrameworksBuildPhase;
			buildActionMask = 2147483647;
			files = (
			);
			runOnlyForDeploymentPostprocessing = 0;
		};
/* End PBXFrameworksBuildPhase section */

/* Begin PBXGroup section */
		82A526DC245F3E2200175F42 = {
			isa = PBXGroup;
			children = (
				82A526E7245F3E2200175F42 /* Swift_Project */,
				82A526E6245F3E2200175F42 /* Products */,
			);
			sourceTree = "<group>";
		};
		82A526E6245F3E2200175F42 /* Products */ = {
			isa = PBXGroup;
			children = (
				82A526E5245F3E2200175F42 /* Swift_Project.app */,
			);
			name = Products;
			sourceTree = "<group>";
		};
		82A526E7245F3E2200175F42 /* Swift_Project */ = {
			isa = PBXGroup;
			children = (
				82A52710245F5ADE00175F42 /* 1.png */,
				82A5270F245F5ADE00175F42 /* 2.png */,
				82A5270E245F5ADE00175F42 /* 3.png */,
				82A52700245F47F100175F42 /* button.png */,
				82A52701245F47F200175F42 /* shapes-and-symbols-2.png */,
				82A52702245F47F300175F42 /* shapes-and-symbols.png */,
				82A526E8245F3E2200175F42 /* AppDelegate.swift */,
				82A526EA245F3E2200175F42 /* SceneDelegate.swift */,
				82A526EC245F3E2200175F42 /* ViewController.swift */,
				82A526EE245F3E2200175F42 /* Main.storyboard */,
				82A526F1245F3E2400175F42 /* Assets.xcassets */,
				82A526F3245F3E2400175F42 /* LaunchScreen.storyboard */,
				82A526F6245F3E2400175F42 /* Info.plist */,
				82A526FC245F3F1200175F42 /* SettingViewController.swift */,
				82A526FE245F40CB00175F42 /* QuizViewController.swift */,
				82A52706245F4C8800175F42 /* ResultViewController.swift */,
			);
			path = Swift_Project;
			sourceTree = "<group>";
		};
/* End PBXGroup section */

/* Begin PBXNativeTarget section */
		82A526E4245F3E2200175F42 /* Swift_Project */ = {
			isa = PBXNativeTarget;
			buildConfigurationList = 82A526F9245F3E2400175F42 /* Build configuration list for PBXNativeTarget "Swift_Project" */;
			buildPhases = (
				82A526E1245F3E2200175F42 /* Sources */,
				82A526E2245F3E2200175F42 /* Frameworks */,
				82A526E3245F3E2200175F42 /* Resources */,
			);
			buildRules = (
			);
			dependencies = (
			);
			name = Swift_Project;
			productName = Swift_Project;
			productReference = 82A526E5245F3E2200175F42 /* Swift_Project.app */;
			productType = "com.apple.product-type.application";
		};
/* End PBXNativeTarget section */

/* Begin PBXProject section */
		82A526DD245F3E2200175F42 /* Project object */ = {
			isa = PBXProject;
			attributes = {
				LastSwiftUpdateCheck = 1130;
				LastUpgradeCheck = 1130;
				ORGANIZATIONNAME = "SWU mac";
				TargetAttributes = {
					82A526E4245F3E2200175F42 = {
						CreatedOnToolsVersion = 11.3.1;
					};
				};
			};
			buildConfigurationList = 82A526E0245F3E2200175F42 /* Build configuration list for PBXProject "Swift_Project" */;
			compatibilityVersion = "Xcode 9.3";
			developmentRegion = en;
			hasScannedForEncodings = 0;
			knownRegions = (
				en,
				Base,
			);
			mainGroup = 82A526DC245F3E2200175F42;
			productRefGroup = 82A526E6245F3E2200175F42 /* Products */;
			projectDirPath = "";
			projectRoot = "";
			targets = (
				82A526E4245F3E2200175F42 /* Swift_Project */,
			);
		};
/* End PBXProject section */

/* Begin PBXResourcesBuildPhase section */
		82A526E3245F3E2200175F42 /* Resources */ = {
			isa = PBXResourcesBuildPhase;
			buildActionMask = 2147483647;
			files = (
				82A52713245F5ADE00175F42 /* 1.png in Resources */,
				82A526F5245F3E2400175F42 /* LaunchScreen.storyboard in Resources */,
				82A52705245F47F300175F42 /* shapes-and-symbols.png in Resources */,
				82A52712245F5ADE00175F42 /* 2.png in Resources */,
				82A52703245F47F300175F42 /* button.png in Resources */,
				82A526F2245F3E2400175F42 /* Assets.xcassets in Resources */,
				82A52704245F47F300175F42 /* shapes-and-symbols-2.png in Resources */,
				82A52711245F5ADE00175F42 /* 3.png in Resources */,
				82A526F0245F3E2200175F42 /* Main.storyboard in Resources */,
			);
			runOnlyForDeploymentPostprocessing = 0;
		};
/* End PBXResourcesBuildPhase section */

/* Begin PBXSourcesBuildPhase section */
		82A526E1245F3E2200175F42 /* Sources */ = {
			isa = PBXSourcesBuildPhase;
			buildActionMask = 2147483647;
			files = (
				82A526ED245F3E2200175F42 /* ViewController.swift in Sources */,
				82A526FF245F40CB00175F42 /* QuizViewController.swift in Sources */,
				82A526E9245F3E2200175F42 /* AppDelegate.swift in Sources */,
				82A526EB245F3E2200175F42 /* SceneDelegate.swift in Sources */,
				82A526FD245F3F1200175F42 /* SettingViewController.swift in Sources */,
				82A52707245F4C8800175F42 /* ResultViewController.swift in Sources */,
			);
			runOnlyForDeploymentPostprocessing = 0;
		};
/* End PBXSourcesBuildPhase section */

/* Begin PBXVariantGroup section */
		82A526EE245F3E2200175F42 /* Main.storyboard */ = {
			isa = PBXVariantGroup;
			children = (
				82A526EF245F3E2200175F42 /* Base */,
			);
			name = Main.storyboard;
			sourceTree = "<group>";
		};
		82A526F3245F3E2400175F42 /* LaunchScreen.storyboard */ = {
			isa = PBXVariantGroup;
			children = (
				82A526F4245F3E2400175F42 /* Base */,
			);
			name = LaunchScreen.storyboard;
			sourceTree = "<group>";
		};
/* End PBXVariantGroup section */

/* Begin XCBuildConfiguration section */
		82A526F7245F3E2400175F42 /* Debug */ = {
			isa = XCBuildConfiguration;
			buildSettings = {
				ALWAYS_SEARCH_USER_PATHS = NO;
				CLANG_ANALYZER_NONNULL = YES;
				CLANG_ANALYZER_NUMBER_OBJECT_CONVERSION = YES_AGGRESSIVE;
				CLANG_CXX_LANGUAGE_STANDARD = "gnu++14";
				CLANG_CXX_LIBRARY = "libc++";
				CLANG_ENABLE_MODULES = YES;
				CLANG_ENABLE_OBJC_ARC = YES;
				CLANG_ENABLE_OBJC_WEAK = YES;
				CLANG_WARN_BLOCK_CAPTURE_AUTORELEASING = YES;
				CLANG_WARN_BOOL_CONVERSION = YES;
				CLANG_WARN_COMMA = YES;
				CLANG_WARN_CONSTANT_CONVERSION = YES;
				CLANG_WARN_DEPRECATED_OBJC_IMPLEMENTATIONS = YES;
				CLANG_WARN_DIRECT_OBJC_ISA_USAGE = YES_ERROR;
				CLANG_WARN_DOCUMENTATION_COMMENTS = YES;
				CLANG_WARN_EMPTY_BODY = YES;
				CLANG_WARN_ENUM_CONVERSION = YES;
				CLANG_WARN_INFINITE_RECURSION = YES;
				CLANG_WARN_INT_CONVERSION = YES;
				CLANG_WARN_NON_LITERAL_NULL_CONVERSION = YES;
				CLANG_WARN_OBJC_IMPLICIT_RETAIN_SELF = YES;
				CLANG_WARN_OBJC_LITERAL_CONVERSION = YES;
				CLANG_WARN_OBJC_ROOT_CLASS = YES_ERROR;
				CLANG_WARN_RANGE_LOOP_ANALYSIS = YES;
				CLANG_WARN_STRICT_PROTOTYPES = YES;
				CLANG_WARN_SUSPICIOUS_MOVE = YES;
				CLANG_WARN_UNGUARDED_AVAILABILITY = YES_AGGRESSIVE;
				CLANG_WARN_UNREACHABLE_CODE = YES;
				CLANG_WARN__DUPLICATE_METHOD_MATCH = YES;
				COPY_PHASE_STRIP = NO;
				DEBUG_INFORMATION_FORMAT = dwarf;
				ENABLE_STRICT_OBJC_MSGSEND = YES;
				ENABLE_TESTABILITY = YES;
				GCC_C_LANGUAGE_STANDARD = gnu11;
				GCC_DYNAMIC_NO_PIC = NO;
				GCC_NO_COMMON_BLOCKS = YES;
				GCC_OPTIMIZATION_LEVEL = 0;
				GCC_PREPROCESSOR_DEFINITIONS = (
					"DEBUG=1",
					"$(inherited)",
				);
				GCC_WARN_64_TO_32_BIT_CONVERSION = YES;
				GCC_WARN_ABOUT_RETURN_TYPE = YES_ERROR;
				GCC_WARN_UNDECLARED_SELECTOR = YES;
				GCC_WARN_UNINITIALIZED_AUTOS = YES_AGGRESSIVE;
				GCC_WARN_UNUSED_FUNCTION = YES;
				GCC_WARN_UNUSED_VARIABLE = YES;
				IPHONEOS_DEPLOYMENT_TARGET = 13.2;
				MTL_ENABLE_DEBUG_INFO = INCLUDE_SOURCE;
				MTL_FAST_MATH = YES;
				ONLY_ACTIVE_ARCH = YES;
				SDKROOT = iphoneos;
				SWIFT_ACTIVE_COMPILATION_CONDITIONS = DEBUG;
				SWIFT_OPTIMIZATION_LEVEL = "-Onone";
			};
			name = Debug;
		};
		82A526F8245F3E2400175F42 /* Release */ = {
			isa = XCBuildConfiguration;
			buildSettings = {
				ALWAYS_SEARCH_USER_PATHS = NO;
				CLANG_ANALYZER_NONNULL = YES;
				CLANG_ANALYZER_NUMBER_OBJECT_CONVERSION = YES_AGGRESSIVE;
				CLANG_CXX_LANGUAGE_STANDARD = "gnu++14";
				CLANG_CXX_LIBRARY = "libc++";
				CLANG_ENABLE_MODULES = YES;
				CLANG_ENABLE_OBJC_ARC = YES;
				CLANG_ENABLE_OBJC_WEAK = YES;
				CLANG_WARN_BLOCK_CAPTURE_AUTORELEASING = YES;
				CLANG_WARN_BOOL_CONVERSION = YES;
				CLANG_WARN_COMMA = YES;
				CLANG_WARN_CONSTANT_CONVERSION = YES;
				CLANG_WARN_DEPRECATED_OBJC_IMPLEMENTATIONS = YES;
				CLANG_WARN_DIRECT_OBJC_ISA_USAGE = YES_ERROR;
				CLANG_WARN_DOCUMENTATION_COMMENTS = YES;
				CLANG_WARN_EMPTY_BODY = YES;
				CLANG_WARN_ENUM_CONVERSION = YES;
				CLANG_WARN_INFINITE_RECURSION = YES;
				CLANG_WARN_INT_CONVERSION = YES;
				CLANG_WARN_NON_LITERAL_NULL_CONVERSION = YES;
				CLANG_WARN_OBJC_IMPLICIT_RETAIN_SELF = YES;
				CLANG_WARN_OBJC_LITERAL_CONVERSION = YES;
				CLANG_WARN_OBJC_ROOT_CLASS = YES_ERROR;
				CLANG_WARN_RANGE_LOOP_ANALYSIS = YES;
				CLANG_WARN_STRICT_PROTOTYPES = YES;
				CLANG_WARN_SUSPICIOUS_MOVE = YES;
				CLANG_WARN_UNGUARDED_AVAILABILITY = YES_AGGRESSIVE;
				CLANG_WARN_UNREACHABLE_CODE = YES;
				CLANG_WARN__DUPLICATE_METHOD_MATCH = YES;
				COPY_PHASE_STRIP = NO;
				DEBUG_INFORMATION_FORMAT = "dwarf-with-dsym";
				ENABLE_NS_ASSERTIONS = NO;
				ENABLE_STRICT_OBJC_MSGSEND = YES;
				GCC_C_LANGUAGE_STANDARD = gnu11;
				GCC_NO_COMMON_BLOCKS = YES;
				GCC_WARN_64_TO_32_BIT_CONVERSION = YES;
				GCC_WARN_ABOUT_RETURN_TYPE = YES_ERROR;
				GCC_WARN_UNDECLARED_SELECTOR = YES;
				GCC_WARN_UNINITIALIZED_AUTOS = YES_AGGRESSIVE;
				GCC_WARN_UNUSED_FUNCTION = YES;
				GCC_WARN_UNUSED_VARIABLE = YES;
				IPHONEOS_DEPLOYMENT_TARGET = 13.2;
				MTL_ENABLE_DEBUG_INFO = NO;
				MTL_FAST_MATH = YES;
				SDKROOT = iphoneos;
				SWIFT_COMPILATION_MODE = wholemodule;
				SWIFT_OPTIMIZATION_LEVEL = "-O";
				VALIDATE_PRODUCT = YES;
			};
			name = Release;
		};
		82A526FA245F3E2400175F42 /* Debug */ = {
			isa = XCBuildConfiguration;
			buildSettings = {
				ASSETCATALOG_COMPILER_APPICON_NAME = AppIcon;
				CODE_SIGN_STYLE = Automatic;
				INFOPLIST_FILE = Swift_Project/Info.plist;
				LD_RUNPATH_SEARCH_PATHS = (
					"$(inherited)",
					"@executable_path/Frameworks",
				);
				PRODUCT_BUNDLE_IDENTIFIER = "kr.ac.swu.Swift-Project";
				PRODUCT_NAME = "$(TARGET_NAME)";
				SWIFT_VERSION = 5.0;
				TARGETED_DEVICE_FAMILY = "1,2";
			};
			name = Debug;
		};
		82A526FB245F3E2400175F42 /* Release */ = {
			isa = XCBuildConfiguration;
			buildSettings = {
				ASSETCATALOG_COMPILER_APPICON_NAME = AppIcon;
				CODE_SIGN_STYLE = Automatic;
				INFOPLIST_FILE = Swift_Project/Info.plist;
				LD_RUNPATH_SEARCH_PATHS = (
					"$(inherited)",
					"@executable_path/Frameworks",
				);
				PRODUCT_BUNDLE_IDENTIFIER = "kr.ac.swu.Swift-Project";
				PRODUCT_NAME = "$(TARGET_NAME)";
				SWIFT_VERSION = 5.0;
				TARGETED_DEVICE_FAMILY = "1,2";
			};
			name = Release;
		};
/* End XCBuildConfiguration section */

/* Begin XCConfigurationList section */
		82A526E0245F3E2200175F42 /* Build configuration list for PBXProject "Swift_Project" */ = {
			isa = XCConfigurationList;
			buildConfigurations = (
				82A526F7245F3E2400175F42 /* Debug */,
				82A526F8245F3E2400175F42 /* Release */,
			);
			defaultConfigurationIsVisible = 0;
			defaultConfigurationName = Release;
		};
		82A526F9245F3E2400175F42 /* Build configuration list for PBXNativeTarget "Swift_Project" */ = {
			isa = XCConfigurationList;
			buildConfigurations = (
				82A526FA245F3E2400175F42 /* Debug */,
				82A526FB245F3E2400175F42 /* Release */,
			);
			defaultConfigurationIsVisible = 0;
			defaultConfigurationName = Release;
		};
/* End XCConfigurationList section */
	};
	rootObject = 82A526DD245F3E2200175F42 /* Project object */;
}
